
Microsoft Visual Studio Solution File, Format Version 12.00
# Visual Studio Version 17
VisualStudioVersion = 17.6.33829.357
MinimumVisualStudioVersion = 10.0.40219.1
Project("{FAE04EC0-301F-11D3-BF4B-00C04F79EFBC}") = "SistemaDeVendasV2", "SistemaDeVendasV2\SistemaDeVendasV2.csproj", "{74F90665-2E46-4548-A923-2D83D6FBA528}"
EndProject
Global
	GlobalSection(SolutionConfigurationPlatforms) = preSolution
		Debug|Any CPU = Debug|Any CPU
		Release|Any CPU = Release|Any CPU
	EndGlobalSection
	GlobalSection(ProjectConfigurationPlatforms) = postSolution
		{74F90665-2E46-4548-A923-2D83D6FBA528}.Debug|Any CPU.ActiveCfg = Debug|Any CPU
		{74F90665-2E46-4548-A923-2D83D6FBA528}.Debug|Any CPU.Build.0 = Debug|Any CPU
		{74F90665-2E46-4548-A923-2D83D6FBA528}.Release|Any CPU.ActiveCfg = Release|Any CPU
		{74F90665-2E46-4548-A923-2D83D6FBA528}.Release|Any CPU.Build.0 = Release|Any CPU
	EndGlobalSection
	GlobalSection(SolutionProperties) = preSolution
		HideSolutionNode = FALSE
	EndGlobalSection
	GlobalSection(ExtensibilityGlobals) = postSolution
		SolutionGuid = {AF03AF00-1FF7-4FED-B52A-B66283B4FA69}
	EndGlobalSection
EndGlobal
