
Microsoft Visual Studio Solution File, Format Version 12.00
# Visual Studio Version 17
VisualStudioVersion = 17.6.33829.357
MinimumVisualStudioVersion = 10.0.40219.1
Project("{FAE04EC0-301F-11D3-BF4B-00C04F79EFBC}") = "AppSettingsA49", "AppSettingsA49\AppSettingsA49.csproj", "{FCC1E49E-9F65-46D4-8024-E05FE8A0C1A5}"
EndProject
Global
	GlobalSection(SolutionConfigurationPlatforms) = preSolution
		Debug|Any CPU = Debug|Any CPU
		Release|Any CPU = Release|Any CPU
	EndGlobalSection
	GlobalSection(ProjectConfigurationPlatforms) = postSolution
		{FCC1E49E-9F65-46D4-8024-E05FE8A0C1A5}.Debug|Any CPU.ActiveCfg = Debug|Any CPU
		{FCC1E49E-9F65-46D4-8024-E05FE8A0C1A5}.Debug|Any CPU.Build.0 = Debug|Any CPU
		{FCC1E49E-9F65-46D4-8024-E05FE8A0C1A5}.Release|Any CPU.ActiveCfg = Release|Any CPU
		{FCC1E49E-9F65-46D4-8024-E05FE8A0C1A5}.Release|Any CPU.Build.0 = Release|Any CPU
	EndGlobalSection
	GlobalSection(SolutionProperties) = preSolution
		HideSolutionNode = FALSE
	EndGlobalSection
	GlobalSection(ExtensibilityGlobals) = postSolution
		SolutionGuid = {1327860E-1EE1-43C9-8F1D-CBB7F92558C9}
	EndGlobalSection
EndGlobal
