
Microsoft Visual Studio Solution File, Format Version 12.00
# Visual Studio Version 17
VisualStudioVersion = 17.6.33829.357
MinimumVisualStudioVersion = 10.0.40219.1
Project("{FAE04EC0-301F-11D3-BF4B-00C04F79EFBC}") = "Annies Store", "Annies Store\Annies Store.csproj", "{A146032A-2C0A-4F83-A2B5-827329DAB985}"
EndProject
Global
	GlobalSection(SolutionConfigurationPlatforms) = preSolution
		Debug|Any CPU = Debug|Any CPU
		Release|Any CPU = Release|Any CPU
	EndGlobalSection
	GlobalSection(ProjectConfigurationPlatforms) = postSolution
		{A146032A-2C0A-4F83-A2B5-827329DAB985}.Debug|Any CPU.ActiveCfg = Debug|Any CPU
		{A146032A-2C0A-4F83-A2B5-827329DAB985}.Debug|Any CPU.Build.0 = Debug|Any CPU
		{A146032A-2C0A-4F83-A2B5-827329DAB985}.Release|Any CPU.ActiveCfg = Release|Any CPU
		{A146032A-2C0A-4F83-A2B5-827329DAB985}.Release|Any CPU.Build.0 = Release|Any CPU
	EndGlobalSection
	GlobalSection(SolutionProperties) = preSolution
		HideSolutionNode = FALSE
	EndGlobalSection
	GlobalSection(ExtensibilityGlobals) = postSolution
		SolutionGuid = {134EDF3C-2C47-4980-A6CE-685B76968DEA}
	EndGlobalSection
EndGlobal
